
Microsoft Visual Studio Solution File, Format Version 12.00
# Visual Studio Version 16
VisualStudioVersion = 16.0.30413.136
MinimumVisualStudioVersion = 10.0.40219.1
Project("{FAE04EC0-301F-11D3-BF4B-00C04F79EFBC}") = "StartApp", "StartApp\StartApp.csproj", "{916CC5BA-1F8F-48E7-A59F-1F8E16B09AD4}"
EndProject
Global
	GlobalSection(SolutionConfigurationPlatforms) = preSolution
		Debug|Any CPU = Debug|Any CPU
		Release|Any CPU = Release|Any CPU
	EndGlobalSection
	GlobalSection(ProjectConfigurationPlatforms) = postSolution
		{916CC5BA-1F8F-48E7-A59F-1F8E16B09AD4}.Debug|Any CPU.ActiveCfg = Debug|Any CPU
		{916CC5BA-1F8F-48E7-A59F-1F8E16B09AD4}.Debug|Any CPU.Build.0 = Debug|Any CPU
		{916CC5BA-1F8F-48E7-A59F-1F8E16B09AD4}.Release|Any CPU.ActiveCfg = Release|Any CPU
		{916CC5BA-1F8F-48E7-A59F-1F8E16B09AD4}.Release|Any CPU.Build.0 = Release|Any CPU
	EndGlobalSection
	GlobalSection(SolutionProperties) = preSolution
		HideSolutionNode = FALSE
	EndGlobalSection
	GlobalSection(ExtensibilityGlobals) = postSolution
		SolutionGuid = {299479FA-7D69-44ED-B815-96C9E68EF78B}
	EndGlobalSection
EndGlobal
